
Microsoft Visual Studio Solution File, Format Version 12.00
# Visual Studio 15
VisualStudioVersion = 15.0.26124.0
MinimumVisualStudioVersion = 15.0.26124.0
Project("{2150E333-8FDC-42A3-9474-1A3956D46DE8}") = "src", "src", "{C5EF2B87-04EC-4AA1-8EB9-2D566EDBA400}"
EndProject
Project("{FAE04EC0-301F-11D3-BF4B-00C04F79EFBC}") = "Corsinvest.ProxmoxVE.Metrics.Exporter", "src\Corsinvest.ProxmoxVE.Metrics.Exporter\Corsinvest.ProxmoxVE.Metrics.Exporter.csproj", "{61A3884E-9519-4E35-851D-679358B56B5C}"
EndProject
Project("{FAE04EC0-301F-11D3-BF4B-00C04F79EFBC}") = "Corsinvest.ProxmoxVE.Metrics.Exporter.Api", "src\Corsinvest.ProxmoxVE.Metrics.Exporter.Api\Corsinvest.ProxmoxVE.Metrics.Exporter.Api.csproj", "{23955767-3349-4E2F-93E5-97CC9B0BA9A8}"
EndProject
Global
	GlobalSection(SolutionConfigurationPlatforms) = preSolution
		Debug|Any CPU = Debug|Any CPU
		Debug|x64 = Debug|x64
		Debug|x86 = Debug|x86
		Release|Any CPU = Release|Any CPU
		Release|x64 = Release|x64
		Release|x86 = Release|x86
	EndGlobalSection
	GlobalSection(SolutionProperties) = preSolution
		HideSolutionNode = FALSE
	EndGlobalSection
	GlobalSection(ProjectConfigurationPlatforms) = postSolution
		{61A3884E-9519-4E35-851D-679358B56B5C}.Debug|Any CPU.ActiveCfg = Debug|Any CPU
		{61A3884E-9519-4E35-851D-679358B56B5C}.Debug|Any CPU.Build.0 = Debug|Any CPU
		{61A3884E-9519-4E35-851D-679358B56B5C}.Debug|x64.ActiveCfg = Debug|Any CPU
		{61A3884E-9519-4E35-851D-679358B56B5C}.Debug|x64.Build.0 = Debug|Any CPU
		{61A3884E-9519-4E35-851D-679358B56B5C}.Debug|x86.ActiveCfg = Debug|Any CPU
		{61A3884E-9519-4E35-851D-679358B56B5C}.Debug|x86.Build.0 = Debug|Any CPU
		{61A3884E-9519-4E35-851D-679358B56B5C}.Release|Any CPU.ActiveCfg = Release|Any CPU
		{61A3884E-9519-4E35-851D-679358B56B5C}.Release|Any CPU.Build.0 = Release|Any CPU
		{61A3884E-9519-4E35-851D-679358B56B5C}.Release|x64.ActiveCfg = Release|Any CPU
		{61A3884E-9519-4E35-851D-679358B56B5C}.Release|x64.Build.0 = Release|Any CPU
		{61A3884E-9519-4E35-851D-679358B56B5C}.Release|x86.ActiveCfg = Release|Any CPU
		{61A3884E-9519-4E35-851D-679358B56B5C}.Release|x86.Build.0 = Release|Any CPU
		{23955767-3349-4E2F-93E5-97CC9B0BA9A8}.Debug|Any CPU.ActiveCfg = Debug|Any CPU
		{23955767-3349-4E2F-93E5-97CC9B0BA9A8}.Debug|Any CPU.Build.0 = Debug|Any CPU
		{23955767-3349-4E2F-93E5-97CC9B0BA9A8}.Debug|x64.ActiveCfg = Debug|Any CPU
		{23955767-3349-4E2F-93E5-97CC9B0BA9A8}.Debug|x64.Build.0 = Debug|Any CPU
		{23955767-3349-4E2F-93E5-97CC9B0BA9A8}.Debug|x86.ActiveCfg = Debug|Any CPU
		{23955767-3349-4E2F-93E5-97CC9B0BA9A8}.Debug|x86.Build.0 = Debug|Any CPU
		{23955767-3349-4E2F-93E5-97CC9B0BA9A8}.Release|Any CPU.ActiveCfg = Release|Any CPU
		{23955767-3349-4E2F-93E5-97CC9B0BA9A8}.Release|Any CPU.Build.0 = Release|Any CPU
		{23955767-3349-4E2F-93E5-97CC9B0BA9A8}.Release|x64.ActiveCfg = Release|Any CPU
		{23955767-3349-4E2F-93E5-97CC9B0BA9A8}.Release|x64.Build.0 = Release|Any CPU
		{23955767-3349-4E2F-93E5-97CC9B0BA9A8}.Release|x86.ActiveCfg = Release|Any CPU
		{23955767-3349-4E2F-93E5-97CC9B0BA9A8}.Release|x86.Build.0 = Release|Any CPU
	EndGlobalSection
	GlobalSection(NestedProjects) = preSolution
		{61A3884E-9519-4E35-851D-679358B56B5C} = {C5EF2B87-04EC-4AA1-8EB9-2D566EDBA400}
		{23955767-3349-4E2F-93E5-97CC9B0BA9A8} = {C5EF2B87-04EC-4AA1-8EB9-2D566EDBA400}
	EndGlobalSection
EndGlobal
